{
  "name": "js-eyes-skill-bundle",
  "version": "2.4.0",
  "lockfileVersion": 3,
  "requires": true,
  "packages": {
    "": {
      "name": "js-eyes-skill-bundle",
      "version": "2.4.0",
      "license": "MIT",
      "workspaces": [
        "packages/*"
      ],
      "dependencies": {
        "@js-eyes/client-sdk": "2.4.0",
        "@js-eyes/protocol": "2.4.0",
        "@js-eyes/server-core": "2.4.0"
      },
      "engines": {
        "node": ">=22.0.0"
      }
    },
    "node_modules/@js-eyes/client-sdk": {
      "resolved": "packages/client-sdk",
      "link": true
    },
    "node_modules/@js-eyes/protocol": {
      "resolved": "packages/protocol",
      "link": true
    },
    "node_modules/@js-eyes/runtime-paths": {
      "version": "2.4.0",
      "resolved": "https://registry.npmjs.org/@js-eyes/runtime-paths/-/runtime-paths-2.4.0.tgz",
      "integrity": "sha512-CbUxoq+ZLSoGPZeETN5m+MP9Tb+ONC9Iu6Brz5KqhP2aubz9XkMxg1NTYEfWCa5CIza46JncQRLRfYWm29G4Vg==",
      "license": "MIT"
    },
    "node_modules/@js-eyes/server-core": {
      "resolved": "packages/server-core",
      "link": true
    },
    "node_modules/ws": {
      "version": "8.20.0",
      "resolved": "https://registry.npmjs.org/ws/-/ws-8.20.0.tgz",
      "integrity": "sha512-sAt8BhgNbzCtgGbt2OxmpuryO63ZoDk/sqaB/znQm94T4fCEsy/yV+7CdC1kJhOU9lboAEU7R3kquuycDoibVA==",
      "license": "MIT",
      "engines": {
        "node": ">=10.0.0"
      },
      "peerDependencies": {
        "bufferutil": "^4.0.1",
        "utf-8-validate": ">=5.0.2"
      },
      "peerDependenciesMeta": {
        "bufferutil": {
          "optional": true
        },
        "utf-8-validate": {
          "optional": true
        }
      }
    },
    "packages/client-sdk": {
      "name": "@js-eyes/client-sdk",
      "version": "2.4.0",
      "license": "MIT",
      "dependencies": {
        "@js-eyes/protocol": "2.4.0",
        "@js-eyes/runtime-paths": "2.4.0",
        "ws": "^8.19.0"
      }
    },
    "packages/protocol": {
      "name": "@js-eyes/protocol",
      "version": "2.4.0",
      "license": "MIT"
    },
    "packages/server-core": {
      "name": "@js-eyes/server-core",
      "version": "2.4.0",
      "license": "MIT",
      "dependencies": {
        "@js-eyes/client-sdk": "2.4.0",
        "@js-eyes/protocol": "2.4.0",
        "@js-eyes/runtime-paths": "2.4.0",
        "ws": "^8.19.0"
      }
    }
  }
}
